Microsoft Visual Studio Solution File, Format Version 12.00
# Visual Studio Version 17
VisualStudioVersion = 17.13.35919.96
MinimumVisualStudioVersion = 10.0.40219.1
Project("{FAE04EC0-301F-11D3-BF4B-00C04F79EFBC}") = "GlobalAccount.API", "GlobalAccount.API.csproj", "{043F8505-D803-4521-BC74-79541AC8671B}"
EndProject
Project("{2150E333-8FDC-42A3-9474-1A3956D46DE8}") = "API", "API", "{02EA681E-C7D8-13C7-8484-4AC65E1B71E8}"
EndProject
Project("{2150E333-8FDC-42A3-9474-1A3956D46DE8}") = "Application", "Application", "{487BAF10-3779-4B82-8AFC-855946E23AB0}"
EndProject
Project("{2150E333-8FDC-42A3-9474-1A3956D46DE8}") = "Domain", "Domain", "{369CB01D-A1A7-72D2-AABC-3F0945D148A2}"
EndProject
Project("{2150E333-8FDC-42A3-9474-1A3956D46DE8}") = "Infra", "Infra", "{7DC331D0-3EC4-40A6-69FB-1CBEB2E0D1EA}"
EndProject
Project("{2150E333-8FDC-42A3-9474-1A3956D46DE8}") = "Tests", "Tests", "{643747C7-0307-8931-84D8-A7D1915E22E5}"
EndProject
Project("{FAE04EC0-301F-11D3-BF4B-00C04F79EFBC}") = "GlobalAccount.Application", "..\GlobalAccount.Application\GlobalAccount.Application.csproj", "{FE4189C2-90E3-4528-A52F-2B24A66B364E}"
EndProject
Project("{FAE04EC0-301F-11D3-BF4B-00C04F79EFBC}") = "GlobalAccount.Domain", "..\GlobalAccount.Domain\GlobalAccount.Domain.csproj", "{2D28A764-0D28-440A-8166-1C47D79C4164}"
EndProject
Project("{FAE04EC0-301F-11D3-BF4B-00C04F79EFBC}") = "GlobalAccount.Infra", "..\GlobalAccount.Infra\GlobalAccount.Infra.csproj", "{BA29149B-B8B9-4B35-B934-629129AB0822}"
EndProject
Project("{FAE04EC0-301F-11D3-BF4B-00C04F79EFBC}") = "GlobalAccount.Tests", "..\GlobalAccount.Tests\GlobalAccount.Tests.csproj", "{860F0288-BDE4-4619-8F0E-B18A993E5DDF}"
EndProject
Project("{2150E333-8FDC-42A3-9474-1A3956D46DE8}") = "src", "src", "{7CE37931-3F6E-4589-9920-B3BF3898ACED}"
EndProject
Global
	GlobalSection(SolutionConfigurationPlatforms) = preSolution
		Debug|Any CPU = Debug|Any CPU
		Release|Any CPU = Release|Any CPU
	EndGlobalSection
	GlobalSection(ProjectConfigurationPlatforms) = postSolution
		{043F8505-D803-4521-BC74-79541AC8671B}.Debug|Any CPU.ActiveCfg = Debug|Any CPU
		{043F8505-D803-4521-BC74-79541AC8671B}.Debug|Any CPU.Build.0 = Debug|Any CPU
		{043F8505-D803-4521-BC74-79541AC8671B}.Release|Any CPU.ActiveCfg = Release|Any CPU
		{043F8505-D803-4521-BC74-79541AC8671B}.Release|Any CPU.Build.0 = Release|Any CPU
		{FE4189C2-90E3-4528-A52F-2B24A66B364E}.Debug|Any CPU.ActiveCfg = Debug|Any CPU
		{FE4189C2-90E3-4528-A52F-2B24A66B364E}.Debug|Any CPU.Build.0 = Debug|Any CPU
		{FE4189C2-90E3-4528-A52F-2B24A66B364E}.Release|Any CPU.ActiveCfg = Release|Any CPU
		{FE4189C2-90E3-4528-A52F-2B24A66B364E}.Release|Any CPU.Build.0 = Release|Any CPU
		{2D28A764-0D28-440A-8166-1C47D79C4164}.Debug|Any CPU.ActiveCfg = Debug|Any CPU
		{2D28A764-0D28-440A-8166-1C47D79C4164}.Debug|Any CPU.Build.0 = Debug|Any CPU
		{2D28A764-0D28-440A-8166-1C47D79C4164}.Release|Any CPU.ActiveCfg = Release|Any CPU
		{2D28A764-0D28-440A-8166-1C47D79C4164}.Release|Any CPU.Build.0 = Release|Any CPU
		{BA29149B-B8B9-4B35-B934-629129AB0822}.Debug|Any CPU.ActiveCfg = Debug|Any CPU
		{BA29149B-B8B9-4B35-B934-629129AB0822}.Debug|Any CPU.Build.0 = Debug|Any CPU
		{BA29149B-B8B9-4B35-B934-629129AB0822}.Release|Any CPU.ActiveCfg = Release|Any CPU
		{BA29149B-B8B9-4B35-B934-629129AB0822}.Release|Any CPU.Build.0 = Release|Any CPU
		{860F0288-BDE4-4619-8F0E-B18A993E5DDF}.Debug|Any CPU.ActiveCfg = Debug|Any CPU
		{860F0288-BDE4-4619-8F0E-B18A993E5DDF}.Debug|Any CPU.Build.0 = Debug|Any CPU
		{860F0288-BDE4-4619-8F0E-B18A993E5DDF}.Release|Any CPU.ActiveCfg = Release|Any CPU
		{860F0288-BDE4-4619-8F0E-B18A993E5DDF}.Release|Any CPU.Build.0 = Release|Any CPU
	EndGlobalSection
	GlobalSection(SolutionProperties) = preSolution
		HideSolutionNode = FALSE
	EndGlobalSection
	GlobalSection(NestedProjects) = preSolution
		{043F8505-D803-4521-BC74-79541AC8671B} = {02EA681E-C7D8-13C7-8484-4AC65E1B71E8}
		{02EA681E-C7D8-13C7-8484-4AC65E1B71E8} = {7CE37931-3F6E-4589-9920-B3BF3898ACED}
		{487BAF10-3779-4B82-8AFC-855946E23AB0} = {7CE37931-3F6E-4589-9920-B3BF3898ACED}
		{369CB01D-A1A7-72D2-AABC-3F0945D148A2} = {7CE37931-3F6E-4589-9920-B3BF3898ACED}
		{7DC331D0-3EC4-40A6-69FB-1CBEB2E0D1EA} = {7CE37931-3F6E-4589-9920-B3BF3898ACED}
		{643747C7-0307-8931-84D8-A7D1915E22E5} = {7CE37931-3F6E-4589-9920-B3BF3898ACED}
		{FE4189C2-90E3-4528-A52F-2B24A66B364E} = {487BAF10-3779-4B82-8AFC-855946E23AB0}
		{2D28A764-0D28-440A-8166-1C47D79C4164} = {369CB01D-A1A7-72D2-AABC-3F0945D148A2}
		{BA29149B-B8B9-4B35-B934-629129AB0822} = {7DC331D0-3EC4-40A6-69FB-1CBEB2E0D1EA}
		{860F0288-BDE4-4619-8F0E-B18A993E5DDF} = {643747C7-0307-8931-84D8-A7D1915E22E5}
	EndGlobalSection
	GlobalSection(ExtensibilityGlobals) = postSolution
		SolutionGuid = {0DAF4258-BCC2-4839-A41E-D1D5F0780720}
	EndGlobalSection
EndGlobal
